
Microsoft Visual Studio Solution File, Format Version 12.00
# Visual Studio Version 17
VisualStudioVersion = 17.5.002.0
MinimumVisualStudioVersion = 10.0.40219.1
Project("{9A19103F-16F7-4668-BE54-9A1E7A4F7556}") = "1AdaDiverseDev", "1AdaDiverseDev.csproj", "{18EE9140-BF73-40EE-AD62-611C07143924}"
EndProject
Global
	GlobalSection(SolutionConfigurationPlatforms) = preSolution
		Debug|Any CPU = Debug|Any CPU
		Release|Any CPU = Release|Any CPU
	EndGlobalSection
	GlobalSection(ProjectConfigurationPlatforms) = postSolution
		{18EE9140-BF73-40EE-AD62-611C07143924}.Debug|Any CPU.ActiveCfg = Debug|Any CPU
		{18EE9140-BF73-40EE-AD62-611C07143924}.Debug|Any CPU.Build.0 = Debug|Any CPU
		{18EE9140-BF73-40EE-AD62-611C07143924}.Release|Any CPU.ActiveCfg = Release|Any CPU
		{18EE9140-BF73-40EE-AD62-611C07143924}.Release|Any CPU.Build.0 = Release|Any CPU
	EndGlobalSection
	GlobalSection(SolutionProperties) = preSolution
		HideSolutionNode = FALSE
	EndGlobalSection
	GlobalSection(ExtensibilityGlobals) = postSolution
		SolutionGuid = {AE1A8AAD-CFED-4EF8-A9E9-6D4332256120}
	EndGlobalSection
EndGlobal
